
Microsoft Visual Studio Solution File, Format Version 12.00
# Visual Studio Version 17
VisualStudioVersion = 17.1.32421.90
MinimumVisualStudioVersion = 10.0.40219.1
Project("{FAE04EC0-301F-11D3-BF4B-00C04F79EFBC}") = "SuperHeroAPI", "SuperHeroAPI\SuperHeroAPI.csproj", "{DDFB35A3-CE98-495F-BCED-E6A8E54CD804}"
EndProject
Global
	GlobalSection(SolutionConfigurationPlatforms) = preSolution
		Debug|Any CPU = Debug|Any CPU
		Release|Any CPU = Release|Any CPU
	EndGlobalSection
	GlobalSection(ProjectConfigurationPlatforms) = postSolution
		{DDFB35A3-CE98-495F-BCED-E6A8E54CD804}.Debug|Any CPU.ActiveCfg = Debug|Any CPU
		{DDFB35A3-CE98-495F-BCED-E6A8E54CD804}.Debug|Any CPU.Build.0 = Debug|Any CPU
		{DDFB35A3-CE98-495F-BCED-E6A8E54CD804}.Release|Any CPU.ActiveCfg = Release|Any CPU
		{DDFB35A3-CE98-495F-BCED-E6A8E54CD804}.Release|Any CPU.Build.0 = Release|Any CPU
	EndGlobalSection
	GlobalSection(SolutionProperties) = preSolution
		HideSolutionNode = FALSE
	EndGlobalSection
	GlobalSection(ExtensibilityGlobals) = postSolution
		SolutionGuid = {01C09FBC-834F-4465-835C-3EC441E76340}
	EndGlobalSection
EndGlobal
